
Microsoft Visual Studio Solution File, Format Version 12.00
# Visual Studio 2013
VisualStudioVersion = 12.0.31101.0
MinimumVisualStudioVersion = 10.0.40219.1
Project("{FAE04EC0-301F-11D3-BF4B-00C04F79EFBC}") = "2.2.1-HelloWorld", "2.2.1-HelloWorld\2.2.1-HelloWorld.csproj", "{BD144EB0-C60F-451B-95EE-E7302D804919}"
EndProject
Project("{FAE04EC0-301F-11D3-BF4B-00C04F79EFBC}") = "2.2.2-HelloLib", "2.2.2-HelloLib\2.2.2-HelloLib.csproj", "{DCDAF003-6636-460B-928E-423C5CB4D272}"
EndProject
Project("{2150E333-8FDC-42A3-9474-1A3956D46DE8}") = "02-HelloWorld", "02-HelloWorld", "{FA4EDCEA-C545-46D8-A2AF-322B261C5F52}"
EndProject
Project("{FAE04EC0-301F-11D3-BF4B-00C04F79EFBC}") = "2.2.3-UsingHelloLib", "2.2.3-UsingHelloLib\2.2.3-UsingHelloLib.csproj", "{4F1883D1-B8F0-4C40-80B6-4AB39F633B5A}"
EndProject
Project("{2150E333-8FDC-42A3-9474-1A3956D46DE8}") = "03-DataType", "03-DataType", "{29826987-48D0-4281-BD49-0C11413F9672}"
EndProject
Project("{FAE04EC0-301F-11D3-BF4B-00C04F79EFBC}") = "3.1.01-bool", "3.1.1-bool\3.1.01-bool.csproj", "{D6F769A4-C6A4-448B-8D63-55DE824405BF}"
EndProject
Project("{FAE04EC0-301F-11D3-BF4B-00C04F79EFBC}") = "3.1.07-int", "3.1.7-int\3.1.07-int.csproj", "{1F985210-D038-4776-A725-7A4A18CD0A09}"
EndProject
Project("{FAE04EC0-301F-11D3-BF4B-00C04F79EFBC}") = "3.1.14-enum", "3.1.14-enum\3.1.14-enum.csproj", "{C96E33EE-4087-4508-896A-0F1E2CD72EDB}"
EndProject
Project("{FAE04EC0-301F-11D3-BF4B-00C04F79EFBC}") = "3.1.15-struct", "3.1.15-struct\3.1.15-struct.csproj", "{117B963B-5BF3-48EA-9BB5-B9E7D106B873}"
EndProject
Project("{FAE04EC0-301F-11D3-BF4B-00C04F79EFBC}") = "3.2.1-boxing", "3.2.1-boxing\3.2.1-boxing.csproj", "{81E480DC-4D5D-41E6-9156-10A786410D28}"
EndProject
Project("{FAE04EC0-301F-11D3-BF4B-00C04F79EFBC}") = "3.3.1-class", "3.3.1-class\3.3.1-class.csproj", "{CE6D23A3-218D-4F08-B797-A4BF3C1240EF}"
EndProject
Project("{FAE04EC0-301F-11D3-BF4B-00C04F79EFBC}") = "3.3.2-delegate", "3.3.2-delegate\3.3.2-delegate.csproj", "{D44CFFEC-EF91-4F5E-88EC-4E5B11603B49}"
EndProject
Project("{FAE04EC0-301F-11D3-BF4B-00C04F79EFBC}") = "3.3.2-delegate1", "3.3.2-delegate1\3.3.2-delegate1.csproj", "{581EF865-B36D-4B72-B6DF-A77092C9FF84}"
EndProject
Project("{FAE04EC0-301F-11D3-BF4B-00C04F79EFBC}") = "3.3.2-delegate2", "3.3.2-delegate2\3.3.2-delegate2.csproj", "{A16395C6-DC74-461E-AE69-0E816309E250}"
EndProject
Project("{FAE04EC0-301F-11D3-BF4B-00C04F79EFBC}") = "3.3.3-interface", "3.3.3-interface\3.3.3-interface.csproj", "{8A2AE676-E98A-4B66-8EB3-0D4E04A207D7}"
EndProject
Project("{FAE04EC0-301F-11D3-BF4B-00C04F79EFBC}") = "3.3.3-interface1", "3.3.3-interface1\3.3.3-interface1.csproj", "{88FA5D26-8441-4E9C-8F86-09B673D55559}"
EndProject
Project("{FAE04EC0-301F-11D3-BF4B-00C04F79EFBC}") = "3.3.3-interface2", "3.3.3-interface2\3.3.3-interface2.csproj", "{4C6510A8-F82C-4EBE-A531-C7BAF860C27C}"
EndProject
Project("{FAE04EC0-301F-11D3-BF4B-00C04F79EFBC}") = "3.3.4-object", "3.3.4-object\3.3.4-object.csproj", "{DDEBF19E-9E0E-4EE1-BD85-FEB29C668357}"
EndProject
Project("{FAE04EC0-301F-11D3-BF4B-00C04F79EFBC}") = "3.3.5-string", "3.3.5-string\3.3.5-string.csproj", "{22BD47FF-373F-4DF1-97F7-41D3214A5699}"
EndProject
Project("{2150E333-8FDC-42A3-9474-1A3956D46DE8}") = "20-File", "20-File", "{F9B3FB39-5180-4A8B-99A6-730C1FCF3E94}"
EndProject
Project("{FAE04EC0-301F-11D3-BF4B-00C04F79EFBC}") = "20.1-FileInfo", "20.1-FileInfo\20.1-FileInfo.csproj", "{C3DAA55F-D07A-46C8-950C-0C8F508F614A}"
EndProject
Project("{FAE04EC0-301F-11D3-BF4B-00C04F79EFBC}") = "20.2-read", "20.2-read\20.2-read.csproj", "{BB976B19-FEF2-42CC-BAC6-6B26636B3856}"
EndProject
Project("{FAE04EC0-301F-11D3-BF4B-00C04F79EFBC}") = "20.3-write", "20.3-write\20.3-write.csproj", "{F0676487-5C66-4890-A7D2-6D5F0F8A7F25}"
EndProject
Project("{FAE04EC0-301F-11D3-BF4B-00C04F79EFBC}") = "20.6-DirectoryInfo", "20.6-DirectoryInfo\20.6-DirectoryInfo.csproj", "{E57F3638-DC24-4C7B-8867-96C624C006A4}"
EndProject
Project("{FAE04EC0-301F-11D3-BF4B-00C04F79EFBC}") = "20.7-fileOp", "20.7-fileOp\20.7-fileOp.csproj", "{A814B62D-FF09-41E1-B0AA-98227E4E0A9C}"
EndProject
Project("{FAE04EC0-301F-11D3-BF4B-00C04F79EFBC}") = "20.4-readBinary", "20.4-readBinary\20.4-readBinary.csproj", "{BDB936F0-694C-42B5-B1E1-A8BF7661F503}"
EndProject
Project("{FAE04EC0-301F-11D3-BF4B-00C04F79EFBC}") = "20.5-writeBinary", "20.5-writeBinary\20.5-writeBinary.csproj", "{BC308628-E412-4035-8131-2834819AB122}"
EndProject
Global
	GlobalSection(SolutionConfigurationPlatforms) = preSolution
		Debug|Any CPU = Debug|Any CPU
		Release|Any CPU = Release|Any CPU
	EndGlobalSection
	GlobalSection(ProjectConfigurationPlatforms) = postSolution
		{BD144EB0-C60F-451B-95EE-E7302D804919}.Debug|Any CPU.ActiveCfg = Debug|Any CPU
		{BD144EB0-C60F-451B-95EE-E7302D804919}.Debug|Any CPU.Build.0 = Debug|Any CPU
		{BD144EB0-C60F-451B-95EE-E7302D804919}.Release|Any CPU.ActiveCfg = Release|Any CPU
		{BD144EB0-C60F-451B-95EE-E7302D804919}.Release|Any CPU.Build.0 = Release|Any CPU
		{DCDAF003-6636-460B-928E-423C5CB4D272}.Debug|Any CPU.ActiveCfg = Debug|Any CPU
		{DCDAF003-6636-460B-928E-423C5CB4D272}.Debug|Any CPU.Build.0 = Debug|Any CPU
		{DCDAF003-6636-460B-928E-423C5CB4D272}.Release|Any CPU.ActiveCfg = Release|Any CPU
		{DCDAF003-6636-460B-928E-423C5CB4D272}.Release|Any CPU.Build.0 = Release|Any CPU
		{4F1883D1-B8F0-4C40-80B6-4AB39F633B5A}.Debug|Any CPU.ActiveCfg = Debug|Any CPU
		{4F1883D1-B8F0-4C40-80B6-4AB39F633B5A}.Debug|Any CPU.Build.0 = Debug|Any CPU
		{4F1883D1-B8F0-4C40-80B6-4AB39F633B5A}.Release|Any CPU.ActiveCfg = Release|Any CPU
		{4F1883D1-B8F0-4C40-80B6-4AB39F633B5A}.Release|Any CPU.Build.0 = Release|Any CPU
		{D6F769A4-C6A4-448B-8D63-55DE824405BF}.Debug|Any CPU.ActiveCfg = Debug|Any CPU
		{D6F769A4-C6A4-448B-8D63-55DE824405BF}.Debug|Any CPU.Build.0 = Debug|Any CPU
		{D6F769A4-C6A4-448B-8D63-55DE824405BF}.Release|Any CPU.ActiveCfg = Release|Any CPU
		{D6F769A4-C6A4-448B-8D63-55DE824405BF}.Release|Any CPU.Build.0 = Release|Any CPU
		{1F985210-D038-4776-A725-7A4A18CD0A09}.Debug|Any CPU.ActiveCfg = Debug|Any CPU
		{1F985210-D038-4776-A725-7A4A18CD0A09}.Debug|Any CPU.Build.0 = Debug|Any CPU
		{1F985210-D038-4776-A725-7A4A18CD0A09}.Release|Any CPU.ActiveCfg = Release|Any CPU
		{1F985210-D038-4776-A725-7A4A18CD0A09}.Release|Any CPU.Build.0 = Release|Any CPU
		{C96E33EE-4087-4508-896A-0F1E2CD72EDB}.Debug|Any CPU.ActiveCfg = Debug|Any CPU
		{C96E33EE-4087-4508-896A-0F1E2CD72EDB}.Debug|Any CPU.Build.0 = Debug|Any CPU
		{C96E33EE-4087-4508-896A-0F1E2CD72EDB}.Release|Any CPU.ActiveCfg = Release|Any CPU
		{C96E33EE-4087-4508-896A-0F1E2CD72EDB}.Release|Any CPU.Build.0 = Release|Any CPU
		{117B963B-5BF3-48EA-9BB5-B9E7D106B873}.Debug|Any CPU.ActiveCfg = Debug|Any CPU
		{117B963B-5BF3-48EA-9BB5-B9E7D106B873}.Debug|Any CPU.Build.0 = Debug|Any CPU
		{117B963B-5BF3-48EA-9BB5-B9E7D106B873}.Release|Any CPU.ActiveCfg = Release|Any CPU
		{117B963B-5BF3-48EA-9BB5-B9E7D106B873}.Release|Any CPU.Build.0 = Release|Any CPU
		{81E480DC-4D5D-41E6-9156-10A786410D28}.Debug|Any CPU.ActiveCfg = Debug|Any CPU
		{81E480DC-4D5D-41E6-9156-10A786410D28}.Debug|Any CPU.Build.0 = Debug|Any CPU
		{81E480DC-4D5D-41E6-9156-10A786410D28}.Release|Any CPU.ActiveCfg = Release|Any CPU
		{81E480DC-4D5D-41E6-9156-10A786410D28}.Release|Any CPU.Build.0 = Release|Any CPU
		{CE6D23A3-218D-4F08-B797-A4BF3C1240EF}.Debug|Any CPU.ActiveCfg = Debug|Any CPU
		{CE6D23A3-218D-4F08-B797-A4BF3C1240EF}.Debug|Any CPU.Build.0 = Debug|Any CPU
		{CE6D23A3-218D-4F08-B797-A4BF3C1240EF}.Release|Any CPU.ActiveCfg = Release|Any CPU
		{CE6D23A3-218D-4F08-B797-A4BF3C1240EF}.Release|Any CPU.Build.0 = Release|Any CPU
		{D44CFFEC-EF91-4F5E-88EC-4E5B11603B49}.Debug|Any CPU.ActiveCfg = Debug|Any CPU
		{D44CFFEC-EF91-4F5E-88EC-4E5B11603B49}.Debug|Any CPU.Build.0 = Debug|Any CPU
		{D44CFFEC-EF91-4F5E-88EC-4E5B11603B49}.Release|Any CPU.ActiveCfg = Release|Any CPU
		{D44CFFEC-EF91-4F5E-88EC-4E5B11603B49}.Release|Any CPU.Build.0 = Release|Any CPU
		{581EF865-B36D-4B72-B6DF-A77092C9FF84}.Debug|Any CPU.ActiveCfg = Debug|Any CPU
		{581EF865-B36D-4B72-B6DF-A77092C9FF84}.Debug|Any CPU.Build.0 = Debug|Any CPU
		{581EF865-B36D-4B72-B6DF-A77092C9FF84}.Release|Any CPU.ActiveCfg = Release|Any CPU
		{581EF865-B36D-4B72-B6DF-A77092C9FF84}.Release|Any CPU.Build.0 = Release|Any CPU
		{A16395C6-DC74-461E-AE69-0E816309E250}.Debug|Any CPU.ActiveCfg = Debug|Any CPU
		{A16395C6-DC74-461E-AE69-0E816309E250}.Debug|Any CPU.Build.0 = Debug|Any CPU
		{A16395C6-DC74-461E-AE69-0E816309E250}.Release|Any CPU.ActiveCfg = Release|Any CPU
		{A16395C6-DC74-461E-AE69-0E816309E250}.Release|Any CPU.Build.0 = Release|Any CPU
		{8A2AE676-E98A-4B66-8EB3-0D4E04A207D7}.Debug|Any CPU.ActiveCfg = Debug|Any CPU
		{8A2AE676-E98A-4B66-8EB3-0D4E04A207D7}.Debug|Any CPU.Build.0 = Debug|Any CPU
		{8A2AE676-E98A-4B66-8EB3-0D4E04A207D7}.Release|Any CPU.ActiveCfg = Release|Any CPU
		{8A2AE676-E98A-4B66-8EB3-0D4E04A207D7}.Release|Any CPU.Build.0 = Release|Any CPU
		{88FA5D26-8441-4E9C-8F86-09B673D55559}.Debug|Any CPU.ActiveCfg = Debug|Any CPU
		{88FA5D26-8441-4E9C-8F86-09B673D55559}.Debug|Any CPU.Build.0 = Debug|Any CPU
		{88FA5D26-8441-4E9C-8F86-09B673D55559}.Release|Any CPU.ActiveCfg = Release|Any CPU
		{88FA5D26-8441-4E9C-8F86-09B673D55559}.Release|Any CPU.Build.0 = Release|Any CPU
		{4C6510A8-F82C-4EBE-A531-C7BAF860C27C}.Debug|Any CPU.ActiveCfg = Debug|Any CPU
		{4C6510A8-F82C-4EBE-A531-C7BAF860C27C}.Debug|Any CPU.Build.0 = Debug|Any CPU
		{4C6510A8-F82C-4EBE-A531-C7BAF860C27C}.Release|Any CPU.ActiveCfg = Release|Any CPU
		{4C6510A8-F82C-4EBE-A531-C7BAF860C27C}.Release|Any CPU.Build.0 = Release|Any CPU
		{DDEBF19E-9E0E-4EE1-BD85-FEB29C668357}.Debug|Any CPU.ActiveCfg = Debug|Any CPU
		{DDEBF19E-9E0E-4EE1-BD85-FEB29C668357}.Debug|Any CPU.Build.0 = Debug|Any CPU
		{DDEBF19E-9E0E-4EE1-BD85-FEB29C668357}.Release|Any CPU.ActiveCfg = Release|Any CPU
		{DDEBF19E-9E0E-4EE1-BD85-FEB29C668357}.Release|Any CPU.Build.0 = Release|Any CPU
		{22BD47FF-373F-4DF1-97F7-41D3214A5699}.Debug|Any CPU.ActiveCfg = Debug|Any CPU
		{22BD47FF-373F-4DF1-97F7-41D3214A5699}.Debug|Any CPU.Build.0 = Debug|Any CPU
		{22BD47FF-373F-4DF1-97F7-41D3214A5699}.Release|Any CPU.ActiveCfg = Release|Any CPU
		{22BD47FF-373F-4DF1-97F7-41D3214A5699}.Release|Any CPU.Build.0 = Release|Any CPU
		{C3DAA55F-D07A-46C8-950C-0C8F508F614A}.Debug|Any CPU.ActiveCfg = Debug|Any CPU
		{C3DAA55F-D07A-46C8-950C-0C8F508F614A}.Debug|Any CPU.Build.0 = Debug|Any CPU
		{C3DAA55F-D07A-46C8-950C-0C8F508F614A}.Release|Any CPU.ActiveCfg = Release|Any CPU
		{C3DAA55F-D07A-46C8-950C-0C8F508F614A}.Release|Any CPU.Build.0 = Release|Any CPU
		{BB976B19-FEF2-42CC-BAC6-6B26636B3856}.Debug|Any CPU.ActiveCfg = Debug|Any CPU
		{BB976B19-FEF2-42CC-BAC6-6B26636B3856}.Debug|Any CPU.Build.0 = Debug|Any CPU
		{BB976B19-FEF2-42CC-BAC6-6B26636B3856}.Release|Any CPU.ActiveCfg = Release|Any CPU
		{BB976B19-FEF2-42CC-BAC6-6B26636B3856}.Release|Any CPU.Build.0 = Release|Any CPU
		{F0676487-5C66-4890-A7D2-6D5F0F8A7F25}.Debug|Any CPU.ActiveCfg = Debug|Any CPU
		{F0676487-5C66-4890-A7D2-6D5F0F8A7F25}.Debug|Any CPU.Build.0 = Debug|Any CPU
		{F0676487-5C66-4890-A7D2-6D5F0F8A7F25}.Release|Any CPU.ActiveCfg = Release|Any CPU
		{F0676487-5C66-4890-A7D2-6D5F0F8A7F25}.Release|Any CPU.Build.0 = Release|Any CPU
		{E57F3638-DC24-4C7B-8867-96C624C006A4}.Debug|Any CPU.ActiveCfg = Debug|Any CPU
		{E57F3638-DC24-4C7B-8867-96C624C006A4}.Debug|Any CPU.Build.0 = Debug|Any CPU
		{E57F3638-DC24-4C7B-8867-96C624C006A4}.Release|Any CPU.ActiveCfg = Release|Any CPU
		{E57F3638-DC24-4C7B-8867-96C624C006A4}.Release|Any CPU.Build.0 = Release|Any CPU
		{A814B62D-FF09-41E1-B0AA-98227E4E0A9C}.Debug|Any CPU.ActiveCfg = Debug|Any CPU
		{A814B62D-FF09-41E1-B0AA-98227E4E0A9C}.Debug|Any CPU.Build.0 = Debug|Any CPU
		{A814B62D-FF09-41E1-B0AA-98227E4E0A9C}.Release|Any CPU.ActiveCfg = Release|Any CPU
		{A814B62D-FF09-41E1-B0AA-98227E4E0A9C}.Release|Any CPU.Build.0 = Release|Any CPU
		{BDB936F0-694C-42B5-B1E1-A8BF7661F503}.Debug|Any CPU.ActiveCfg = Debug|Any CPU
		{BDB936F0-694C-42B5-B1E1-A8BF7661F503}.Debug|Any CPU.Build.0 = Debug|Any CPU
		{BDB936F0-694C-42B5-B1E1-A8BF7661F503}.Release|Any CPU.ActiveCfg = Release|Any CPU
		{BDB936F0-694C-42B5-B1E1-A8BF7661F503}.Release|Any CPU.Build.0 = Release|Any CPU
		{BC308628-E412-4035-8131-2834819AB122}.Debug|Any CPU.ActiveCfg = Debug|Any CPU
		{BC308628-E412-4035-8131-2834819AB122}.Debug|Any CPU.Build.0 = Debug|Any CPU
		{BC308628-E412-4035-8131-2834819AB122}.Release|Any CPU.ActiveCfg = Release|Any CPU
		{BC308628-E412-4035-8131-2834819AB122}.Release|Any CPU.Build.0 = Release|Any CPU
	EndGlobalSection
	GlobalSection(SolutionProperties) = preSolution
		HideSolutionNode = FALSE
	EndGlobalSection
	GlobalSection(NestedProjects) = preSolution
		{BD144EB0-C60F-451B-95EE-E7302D804919} = {FA4EDCEA-C545-46D8-A2AF-322B261C5F52}
		{DCDAF003-6636-460B-928E-423C5CB4D272} = {FA4EDCEA-C545-46D8-A2AF-322B261C5F52}
		{4F1883D1-B8F0-4C40-80B6-4AB39F633B5A} = {FA4EDCEA-C545-46D8-A2AF-322B261C5F52}
		{D6F769A4-C6A4-448B-8D63-55DE824405BF} = {29826987-48D0-4281-BD49-0C11413F9672}
		{1F985210-D038-4776-A725-7A4A18CD0A09} = {29826987-48D0-4281-BD49-0C11413F9672}
		{C96E33EE-4087-4508-896A-0F1E2CD72EDB} = {29826987-48D0-4281-BD49-0C11413F9672}
		{117B963B-5BF3-48EA-9BB5-B9E7D106B873} = {29826987-48D0-4281-BD49-0C11413F9672}
		{81E480DC-4D5D-41E6-9156-10A786410D28} = {29826987-48D0-4281-BD49-0C11413F9672}
		{CE6D23A3-218D-4F08-B797-A4BF3C1240EF} = {29826987-48D0-4281-BD49-0C11413F9672}
		{D44CFFEC-EF91-4F5E-88EC-4E5B11603B49} = {29826987-48D0-4281-BD49-0C11413F9672}
		{581EF865-B36D-4B72-B6DF-A77092C9FF84} = {29826987-48D0-4281-BD49-0C11413F9672}
		{A16395C6-DC74-461E-AE69-0E816309E250} = {29826987-48D0-4281-BD49-0C11413F9672}
		{8A2AE676-E98A-4B66-8EB3-0D4E04A207D7} = {29826987-48D0-4281-BD49-0C11413F9672}
		{88FA5D26-8441-4E9C-8F86-09B673D55559} = {29826987-48D0-4281-BD49-0C11413F9672}
		{4C6510A8-F82C-4EBE-A531-C7BAF860C27C} = {29826987-48D0-4281-BD49-0C11413F9672}
		{DDEBF19E-9E0E-4EE1-BD85-FEB29C668357} = {29826987-48D0-4281-BD49-0C11413F9672}
		{22BD47FF-373F-4DF1-97F7-41D3214A5699} = {29826987-48D0-4281-BD49-0C11413F9672}
		{C3DAA55F-D07A-46C8-950C-0C8F508F614A} = {F9B3FB39-5180-4A8B-99A6-730C1FCF3E94}
		{BB976B19-FEF2-42CC-BAC6-6B26636B3856} = {F9B3FB39-5180-4A8B-99A6-730C1FCF3E94}
		{F0676487-5C66-4890-A7D2-6D5F0F8A7F25} = {F9B3FB39-5180-4A8B-99A6-730C1FCF3E94}
		{E57F3638-DC24-4C7B-8867-96C624C006A4} = {F9B3FB39-5180-4A8B-99A6-730C1FCF3E94}
		{A814B62D-FF09-41E1-B0AA-98227E4E0A9C} = {F9B3FB39-5180-4A8B-99A6-730C1FCF3E94}
		{BDB936F0-694C-42B5-B1E1-A8BF7661F503} = {F9B3FB39-5180-4A8B-99A6-730C1FCF3E94}
		{BC308628-E412-4035-8131-2834819AB122} = {F9B3FB39-5180-4A8B-99A6-730C1FCF3E94}
	EndGlobalSection
EndGlobal
